
Microsoft Visual Studio Solution File, Format Version 12.00
# Visual Studio Version 16
VisualStudioVersion = 16.0.30320.27
MinimumVisualStudioVersion = 10.0.40219.1
Project("{2150E333-8FDC-42A3-9474-1A3956D46DE8}") = "Microservices", "Microservices", "{E6CBCF86-DA95-4350-A2B9-519A34B835A3}"
EndProject
Project("{2150E333-8FDC-42A3-9474-1A3956D46DE8}") = "SalesMicroService", "SalesMicroService", "{B0B26D87-203A-4D42-A8BF-DB38360867F2}"
EndProject
Project("{2150E333-8FDC-42A3-9474-1A3956D46DE8}") = "PersonnelMicroService", "PersonnelMicroService", "{CA334738-D918-4EB9-8FE8-B5ED06D6FC25}"
EndProject
Project("{9A19103F-16F7-4668-BE54-9A1E7A4F7556}") = "Personnel.Common", "Common\Personnel.Common.csproj", "{A3743D11-F111-4F2A-AF76-A937579A4BA8}"
EndProject
Project("{9A19103F-16F7-4668-BE54-9A1E7A4F7556}") = "Personnel.Data", "Data\Personnel.Data.csproj", "{85FBDB13-D311-4183-A2A1-35ADDEA69FA3}"
EndProject
Project("{9A19103F-16F7-4668-BE54-9A1E7A4F7556}") = "Personnel.Entities", "Entities\Personnel.Entities.csproj", "{0F7BF069-EDBE-47FC-9A64-3D646A27A7B4}"
EndProject
Project("{9A19103F-16F7-4668-BE54-9A1E7A4F7556}") = "Personnel.Api", "Api\Personnel.Api.csproj", "{050C2D68-C315-4060-BDFF-2BE87BFD263C}"
EndProject
Project("{9A19103F-16F7-4668-BE54-9A1E7A4F7556}") = "Sales.Common", "Sales.Common\Sales.Common.csproj", "{348C3498-568C-4D3E-BDC4-F3D8D069098D}"
EndProject
Project("{9A19103F-16F7-4668-BE54-9A1E7A4F7556}") = "Sales.Entities", "Sales.Entities\Sales.Entities.csproj", "{9B1F0C92-F5FB-4FF9-9CEE-4A35C39D8C15}"
EndProject
Project("{9A19103F-16F7-4668-BE54-9A1E7A4F7556}") = "Sales.Data", "Sales.Data\Sales.Data.csproj", "{B1023625-6FB6-46D7-AC9B-56ABF0292207}"
EndProject
Project("{9A19103F-16F7-4668-BE54-9A1E7A4F7556}") = "Sales.Api", "Sales.Api\Sales.Api.csproj", "{53BB0514-9422-4282-9046-DE5B7373CDE8}"
EndProject
Project("{9A19103F-16F7-4668-BE54-9A1E7A4F7556}") = "Gateway.WebApi", "Gateway.WebApi\Gateway.WebApi.csproj", "{CF560DEE-F3EB-4BE9-93DA-1DB14CE81E8B}"
EndProject
Project("{9A19103F-16F7-4668-BE54-9A1E7A4F7556}") = "Personnel.Api.Test", "Personnel.Api.Test\Personnel.Api.Test.csproj", "{CC0EE2C6-5F0B-4BF8-A007-9936CB2D88F3}"
EndProject
Project("{FAE04EC0-301F-11D3-BF4B-00C04F79EFBC}") = "Sales.Api.Test", "Sales.Api.Test\Sales.Api.Test.csproj", "{26CE0EDD-6B39-40E8-8309-B68411E0C38C}"
EndProject
Global
	GlobalSection(SolutionConfigurationPlatforms) = preSolution
		Debug|Any CPU = Debug|Any CPU
		Release|Any CPU = Release|Any CPU
	EndGlobalSection
	GlobalSection(ProjectConfigurationPlatforms) = postSolution
		{A3743D11-F111-4F2A-AF76-A937579A4BA8}.Debug|Any CPU.ActiveCfg = Debug|Any CPU
		{A3743D11-F111-4F2A-AF76-A937579A4BA8}.Debug|Any CPU.Build.0 = Debug|Any CPU
		{A3743D11-F111-4F2A-AF76-A937579A4BA8}.Release|Any CPU.ActiveCfg = Release|Any CPU
		{A3743D11-F111-4F2A-AF76-A937579A4BA8}.Release|Any CPU.Build.0 = Release|Any CPU
		{85FBDB13-D311-4183-A2A1-35ADDEA69FA3}.Debug|Any CPU.ActiveCfg = Debug|Any CPU
		{85FBDB13-D311-4183-A2A1-35ADDEA69FA3}.Debug|Any CPU.Build.0 = Debug|Any CPU
		{85FBDB13-D311-4183-A2A1-35ADDEA69FA3}.Release|Any CPU.ActiveCfg = Release|Any CPU
		{85FBDB13-D311-4183-A2A1-35ADDEA69FA3}.Release|Any CPU.Build.0 = Release|Any CPU
		{0F7BF069-EDBE-47FC-9A64-3D646A27A7B4}.Debug|Any CPU.ActiveCfg = Debug|Any CPU
		{0F7BF069-EDBE-47FC-9A64-3D646A27A7B4}.Debug|Any CPU.Build.0 = Debug|Any CPU
		{0F7BF069-EDBE-47FC-9A64-3D646A27A7B4}.Release|Any CPU.ActiveCfg = Release|Any CPU
		{0F7BF069-EDBE-47FC-9A64-3D646A27A7B4}.Release|Any CPU.Build.0 = Release|Any CPU
		{050C2D68-C315-4060-BDFF-2BE87BFD263C}.Debug|Any CPU.ActiveCfg = Debug|Any CPU
		{050C2D68-C315-4060-BDFF-2BE87BFD263C}.Debug|Any CPU.Build.0 = Debug|Any CPU
		{050C2D68-C315-4060-BDFF-2BE87BFD263C}.Release|Any CPU.ActiveCfg = Release|Any CPU
		{050C2D68-C315-4060-BDFF-2BE87BFD263C}.Release|Any CPU.Build.0 = Release|Any CPU
		{348C3498-568C-4D3E-BDC4-F3D8D069098D}.Debug|Any CPU.ActiveCfg = Debug|Any CPU
		{348C3498-568C-4D3E-BDC4-F3D8D069098D}.Debug|Any CPU.Build.0 = Debug|Any CPU
		{348C3498-568C-4D3E-BDC4-F3D8D069098D}.Release|Any CPU.ActiveCfg = Release|Any CPU
		{348C3498-568C-4D3E-BDC4-F3D8D069098D}.Release|Any CPU.Build.0 = Release|Any CPU
		{9B1F0C92-F5FB-4FF9-9CEE-4A35C39D8C15}.Debug|Any CPU.ActiveCfg = Debug|Any CPU
		{9B1F0C92-F5FB-4FF9-9CEE-4A35C39D8C15}.Debug|Any CPU.Build.0 = Debug|Any CPU
		{9B1F0C92-F5FB-4FF9-9CEE-4A35C39D8C15}.Release|Any CPU.ActiveCfg = Release|Any CPU
		{9B1F0C92-F5FB-4FF9-9CEE-4A35C39D8C15}.Release|Any CPU.Build.0 = Release|Any CPU
		{B1023625-6FB6-46D7-AC9B-56ABF0292207}.Debug|Any CPU.ActiveCfg = Debug|Any CPU
		{B1023625-6FB6-46D7-AC9B-56ABF0292207}.Debug|Any CPU.Build.0 = Debug|Any CPU
		{B1023625-6FB6-46D7-AC9B-56ABF0292207}.Release|Any CPU.ActiveCfg = Release|Any CPU
		{B1023625-6FB6-46D7-AC9B-56ABF0292207}.Release|Any CPU.Build.0 = Release|Any CPU
		{53BB0514-9422-4282-9046-DE5B7373CDE8}.Debug|Any CPU.ActiveCfg = Debug|Any CPU
		{53BB0514-9422-4282-9046-DE5B7373CDE8}.Debug|Any CPU.Build.0 = Debug|Any CPU
		{53BB0514-9422-4282-9046-DE5B7373CDE8}.Release|Any CPU.ActiveCfg = Release|Any CPU
		{53BB0514-9422-4282-9046-DE5B7373CDE8}.Release|Any CPU.Build.0 = Release|Any CPU
		{CF560DEE-F3EB-4BE9-93DA-1DB14CE81E8B}.Debug|Any CPU.ActiveCfg = Debug|Any CPU
		{CF560DEE-F3EB-4BE9-93DA-1DB14CE81E8B}.Debug|Any CPU.Build.0 = Debug|Any CPU
		{CF560DEE-F3EB-4BE9-93DA-1DB14CE81E8B}.Release|Any CPU.ActiveCfg = Release|Any CPU
		{CF560DEE-F3EB-4BE9-93DA-1DB14CE81E8B}.Release|Any CPU.Build.0 = Release|Any CPU
		{CC0EE2C6-5F0B-4BF8-A007-9936CB2D88F3}.Debug|Any CPU.ActiveCfg = Debug|Any CPU
		{CC0EE2C6-5F0B-4BF8-A007-9936CB2D88F3}.Debug|Any CPU.Build.0 = Debug|Any CPU
		{CC0EE2C6-5F0B-4BF8-A007-9936CB2D88F3}.Release|Any CPU.ActiveCfg = Release|Any CPU
		{CC0EE2C6-5F0B-4BF8-A007-9936CB2D88F3}.Release|Any CPU.Build.0 = Release|Any CPU
		{26CE0EDD-6B39-40E8-8309-B68411E0C38C}.Debug|Any CPU.ActiveCfg = Debug|Any CPU
		{26CE0EDD-6B39-40E8-8309-B68411E0C38C}.Debug|Any CPU.Build.0 = Debug|Any CPU
		{26CE0EDD-6B39-40E8-8309-B68411E0C38C}.Release|Any CPU.ActiveCfg = Release|Any CPU
		{26CE0EDD-6B39-40E8-8309-B68411E0C38C}.Release|Any CPU.Build.0 = Release|Any CPU
	EndGlobalSection
	GlobalSection(SolutionProperties) = preSolution
		HideSolutionNode = FALSE
	EndGlobalSection
	GlobalSection(NestedProjects) = preSolution
		{B0B26D87-203A-4D42-A8BF-DB38360867F2} = {E6CBCF86-DA95-4350-A2B9-519A34B835A3}
		{CA334738-D918-4EB9-8FE8-B5ED06D6FC25} = {E6CBCF86-DA95-4350-A2B9-519A34B835A3}
		{A3743D11-F111-4F2A-AF76-A937579A4BA8} = {CA334738-D918-4EB9-8FE8-B5ED06D6FC25}
		{85FBDB13-D311-4183-A2A1-35ADDEA69FA3} = {CA334738-D918-4EB9-8FE8-B5ED06D6FC25}
		{0F7BF069-EDBE-47FC-9A64-3D646A27A7B4} = {CA334738-D918-4EB9-8FE8-B5ED06D6FC25}
		{050C2D68-C315-4060-BDFF-2BE87BFD263C} = {CA334738-D918-4EB9-8FE8-B5ED06D6FC25}
		{348C3498-568C-4D3E-BDC4-F3D8D069098D} = {B0B26D87-203A-4D42-A8BF-DB38360867F2}
		{9B1F0C92-F5FB-4FF9-9CEE-4A35C39D8C15} = {B0B26D87-203A-4D42-A8BF-DB38360867F2}
		{B1023625-6FB6-46D7-AC9B-56ABF0292207} = {B0B26D87-203A-4D42-A8BF-DB38360867F2}
		{53BB0514-9422-4282-9046-DE5B7373CDE8} = {B0B26D87-203A-4D42-A8BF-DB38360867F2}
		{CC0EE2C6-5F0B-4BF8-A007-9936CB2D88F3} = {CA334738-D918-4EB9-8FE8-B5ED06D6FC25}
		{26CE0EDD-6B39-40E8-8309-B68411E0C38C} = {B0B26D87-203A-4D42-A8BF-DB38360867F2}
	EndGlobalSection
	GlobalSection(ExtensibilityGlobals) = postSolution
		SolutionGuid = {2D282EDD-4657-478F-9E24-53026947AC4C}
	EndGlobalSection
EndGlobal
